
Microsoft Visual Studio Solution File, Format Version 12.00
# Visual Studio Version 16
VisualStudioVersion = 16.0.31205.134
MinimumVisualStudioVersion = 10.0.40219.1
Project("{151D2E53-A2C4-4D7D-83FE-D05416EBD58E}") = "LinkedTemplates", "LinkedTemplates\LinkedTemplates.deployproj", "{72629044-4D68-4109-9BEF-B15C3992D669}"
EndProject
Global
	GlobalSection(SolutionConfigurationPlatforms) = preSolution
		Debug|Any CPU = Debug|Any CPU
		Release|Any CPU = Release|Any CPU
	EndGlobalSection
	GlobalSection(ProjectConfigurationPlatforms) = postSolution
		{72629044-4D68-4109-9BEF-B15C3992D669}.Debug|Any CPU.ActiveCfg = Debug|Any CPU
		{72629044-4D68-4109-9BEF-B15C3992D669}.Debug|Any CPU.Build.0 = Debug|Any CPU
		{72629044-4D68-4109-9BEF-B15C3992D669}.Release|Any CPU.ActiveCfg = Release|Any CPU
		{72629044-4D68-4109-9BEF-B15C3992D669}.Release|Any CPU.Build.0 = Release|Any CPU
	EndGlobalSection
	GlobalSection(SolutionProperties) = preSolution
		HideSolutionNode = FALSE
	EndGlobalSection
	GlobalSection(ExtensibilityGlobals) = postSolution
		SolutionGuid = {7A1F00B1-D0E0-4C38-B14D-9C17F87025D6}
	EndGlobalSection
EndGlobal
